
Microsoft Visual Studio Solution File, Format Version 12.00
# Visual Studio Version 16
VisualStudioVersion = 16.0.29613.14
MinimumVisualStudioVersion = 10.0.40219.1
Project("{FAE04EC0-301F-11D3-BF4B-00C04F79EFBC}") = "AJT.Defaults.Serilog", "AJT.Defaults.Serilog\AJT.Defaults.Serilog.csproj", "{2675B11F-1EFC-4AC9-BAF0-F7EDB584F384}"
EndProject
Project("{2150E333-8FDC-42A3-9474-1A3956D46DE8}") = "Solution Items", "Solution Items", "{2F1B6152-4E7E-404D-B6FA-E7A137AE4DFB}"
	ProjectSection(SolutionItems) = preProject
		assets\ajtatum.png = assets\ajtatum.png
	EndProjectSection
EndProject
Global
	GlobalSection(SolutionConfigurationPlatforms) = preSolution
		Debug|Any CPU = Debug|Any CPU
		Release|Any CPU = Release|Any CPU
	EndGlobalSection
	GlobalSection(ProjectConfigurationPlatforms) = postSolution
		{2675B11F-1EFC-4AC9-BAF0-F7EDB584F384}.Debug|Any CPU.ActiveCfg = Debug|Any CPU
		{2675B11F-1EFC-4AC9-BAF0-F7EDB584F384}.Debug|Any CPU.Build.0 = Debug|Any CPU
		{2675B11F-1EFC-4AC9-BAF0-F7EDB584F384}.Release|Any CPU.ActiveCfg = Release|Any CPU
		{2675B11F-1EFC-4AC9-BAF0-F7EDB584F384}.Release|Any CPU.Build.0 = Release|Any CPU
	EndGlobalSection
	GlobalSection(SolutionProperties) = preSolution
		HideSolutionNode = FALSE
	EndGlobalSection
	GlobalSection(ExtensibilityGlobals) = postSolution
		SolutionGuid = {36A724FE-66BE-46A1-B369-C7071FE692F5}
	EndGlobalSection
EndGlobal
